
Microsoft Visual Studio Solution File, Format Version 12.00
# Visual Studio Version 16
VisualStudioVersion = 16.0.31129.286
MinimumVisualStudioVersion = 10.0.40219.1
Project("{FAE04EC0-301F-11D3-BF4B-00C04F79EFBC}") = "lessons_15", "lessons_15\lessons_15.csproj", "{24B2AA29-7264-4F9E-9AD3-C1DC16BE91CD}"
EndProject
Global
	GlobalSection(SolutionConfigurationPlatforms) = preSolution
		Debug|Any CPU = Debug|Any CPU
		Release|Any CPU = Release|Any CPU
	EndGlobalSection
	GlobalSection(ProjectConfigurationPlatforms) = postSolution
		{24B2AA29-7264-4F9E-9AD3-C1DC16BE91CD}.Debug|Any CPU.ActiveCfg = Debug|Any CPU
		{24B2AA29-7264-4F9E-9AD3-C1DC16BE91CD}.Debug|Any CPU.Build.0 = Debug|Any CPU
		{24B2AA29-7264-4F9E-9AD3-C1DC16BE91CD}.Release|Any CPU.ActiveCfg = Release|Any CPU
		{24B2AA29-7264-4F9E-9AD3-C1DC16BE91CD}.Release|Any CPU.Build.0 = Release|Any CPU
	EndGlobalSection
	GlobalSection(SolutionProperties) = preSolution
		HideSolutionNode = FALSE
	EndGlobalSection
	GlobalSection(ExtensibilityGlobals) = postSolution
		SolutionGuid = {AC59DACF-F4F7-4B5D-8960-409C9A9D6DC7}
	EndGlobalSection
EndGlobal
